
Microsoft Visual Studio Solution File, Format Version 12.00
# Visual Studio 15
VisualStudioVersion = 15.0.28307.757
MinimumVisualStudioVersion = 10.0.40219.1
Project("{FAE04EC0-301F-11D3-BF4B-00C04F79EFBC}") = "Senai.Roman.WebApi", "Senai.Roman.WebApi\Senai.Roman.WebApi.csproj", "{7247B5D9-9D18-432D-9CAF-D60A84FE47AB}"
EndProject
Global
	GlobalSection(SolutionConfigurationPlatforms) = preSolution
		Debug|Any CPU = Debug|Any CPU
		Release|Any CPU = Release|Any CPU
	EndGlobalSection
	GlobalSection(ProjectConfigurationPlatforms) = postSolution
		{7247B5D9-9D18-432D-9CAF-D60A84FE47AB}.Debug|Any CPU.ActiveCfg = Debug|Any CPU
		{7247B5D9-9D18-432D-9CAF-D60A84FE47AB}.Debug|Any CPU.Build.0 = Debug|Any CPU
		{7247B5D9-9D18-432D-9CAF-D60A84FE47AB}.Release|Any CPU.ActiveCfg = Release|Any CPU
		{7247B5D9-9D18-432D-9CAF-D60A84FE47AB}.Release|Any CPU.Build.0 = Release|Any CPU
	EndGlobalSection
	GlobalSection(SolutionProperties) = preSolution
		HideSolutionNode = FALSE
	EndGlobalSection
	GlobalSection(ExtensibilityGlobals) = postSolution
		SolutionGuid = {E4029F75-B5ED-42F6-90EC-2553D20A536F}
	EndGlobalSection
EndGlobal
